
Microsoft Visual Studio Solution File, Format Version 12.00
# Visual Studio Version 16
VisualStudioVersion = 16.0.31911.196
MinimumVisualStudioVersion = 10.0.40219.1
Project("{9A19103F-16F7-4668-BE54-9A1E7A4F7556}") = "File Storage", "File Storage\File Storage.csproj", "{176B6600-BD61-4C66-89DE-E83B727D4D33}"
EndProject
Project("{9A19103F-16F7-4668-BE54-9A1E7A4F7556}") = "FileStorageDAL", "FileStorageDAL\FileStorageDAL.csproj", "{65D9EB41-B0D5-45C7-8A33-30C511F6811B}"
EndProject
Project("{9A19103F-16F7-4668-BE54-9A1E7A4F7556}") = "FileStorageBLL", "FileStorageBLL\FileStorageBLL.csproj", "{E0644702-DAEE-4E33-97B2-8DA692D793D0}"
EndProject
Global
	GlobalSection(SolutionConfigurationPlatforms) = preSolution
		Debug|Any CPU = Debug|Any CPU
		Release|Any CPU = Release|Any CPU
	EndGlobalSection
	GlobalSection(ProjectConfigurationPlatforms) = postSolution
		{176B6600-BD61-4C66-89DE-E83B727D4D33}.Debug|Any CPU.ActiveCfg = Debug|Any CPU
		{176B6600-BD61-4C66-89DE-E83B727D4D33}.Debug|Any CPU.Build.0 = Debug|Any CPU
		{176B6600-BD61-4C66-89DE-E83B727D4D33}.Release|Any CPU.ActiveCfg = Release|Any CPU
		{176B6600-BD61-4C66-89DE-E83B727D4D33}.Release|Any CPU.Build.0 = Release|Any CPU
		{65D9EB41-B0D5-45C7-8A33-30C511F6811B}.Debug|Any CPU.ActiveCfg = Debug|Any CPU
		{65D9EB41-B0D5-45C7-8A33-30C511F6811B}.Debug|Any CPU.Build.0 = Debug|Any CPU
		{65D9EB41-B0D5-45C7-8A33-30C511F6811B}.Release|Any CPU.ActiveCfg = Release|Any CPU
		{65D9EB41-B0D5-45C7-8A33-30C511F6811B}.Release|Any CPU.Build.0 = Release|Any CPU
		{E0644702-DAEE-4E33-97B2-8DA692D793D0}.Debug|Any CPU.ActiveCfg = Debug|Any CPU
		{E0644702-DAEE-4E33-97B2-8DA692D793D0}.Debug|Any CPU.Build.0 = Debug|Any CPU
		{E0644702-DAEE-4E33-97B2-8DA692D793D0}.Release|Any CPU.ActiveCfg = Release|Any CPU
		{E0644702-DAEE-4E33-97B2-8DA692D793D0}.Release|Any CPU.Build.0 = Release|Any CPU
	EndGlobalSection
	GlobalSection(SolutionProperties) = preSolution
		HideSolutionNode = FALSE
	EndGlobalSection
	GlobalSection(ExtensibilityGlobals) = postSolution
		SolutionGuid = {6FD25756-A376-41BE-BB68-01738A8605F7}
	EndGlobalSection
EndGlobal
